# THIS IS AN AUTOGENERATED FILE. DO NOT EDIT THIS FILE DIRECTLY.
# yarn lockfile v1


"@formatjs/ecma402-abstract@1.10.0":
  version "1.10.0"
  resolved "https://registry.npmjs.org/@formatjs/ecma402-abstract/-/ecma402-abstract-1.10.0.tgz"
  integrity sha512-WNkcUHC6xw12rWY87TUw6KXzb1LnOooYBLLqtyn1kW2j197rcwpqmUOJMBED56YcLzaJPfVw1L2ShiDhL5pVnQ==
  dependencies:
    "@formatjs/intl-localematcher" "0.2.21"
    tslib "^2.1.0"

"@formatjs/fast-memoize@1.2.0":
  version "1.2.0"
  resolved "https://registry.npmjs.org/@formatjs/fast-memoize/-/fast-memoize-1.2.0.tgz"
  integrity sha512-fObitP9Tlc31SKrPHgkPgQpGo4+4yXfQQITTCNH8AZdEqB7Mq4nPrjpUL/tNGN3lEeJcFxDbi0haX8HM7QvQ8w==
  dependencies:
    tslib "^2.1.0"

"@formatjs/icu-messageformat-parser@2.0.14":
  version "2.0.14"
  resolved "https://registry.npmjs.org/@formatjs/icu-messageformat-parser/-/icu-messageformat-parser-2.0.14.tgz"
  integrity sha512-M79MdUMLnfLK8eMrznUwke6afH9G/eOQeYvMUJ7uElXIL+//PyyjOzb42hAYfDAGYsAcKA2TsUo33Yuy2lE4AQ==
  dependencies:
    "@formatjs/ecma402-abstract" "1.10.0"
    "@formatjs/icu-skeleton-parser" "1.3.1"
    tslib "^2.1.0"

"@formatjs/icu-skeleton-parser@1.3.1":
  version "1.3.1"
  resolved "https://registry.npmjs.org/@formatjs/icu-skeleton-parser/-/icu-skeleton-parser-1.3.1.tgz"
  integrity sha512-WdPNjhv9e7EfyrIVYk6hN6/mC9YF+PcfFViDI2kATwoi1uKHr+AkQCMoNrWyCDdUQ+Dn50mQOlrEkCBXoLrkPQ==
  dependencies:
    "@formatjs/ecma402-abstract" "1.10.0"
    tslib "^2.1.0"

"@formatjs/intl-displaynames@5.2.5":
  version "5.2.5"
  resolved "https://registry.npmjs.org/@formatjs/intl-displaynames/-/intl-displaynames-5.2.5.tgz"
  integrity sha512-iYlce/hG31ohJOwpv3yhOiEIwEBMqOt2kzA2BQTx1ra8ferBn4WlTxkouoDNiAKEBD1LFYZBIC25jsSJUJOEbg==
  dependencies:
    "@formatjs/ecma402-abstract" "1.10.0"
    "@formatjs/intl-localematcher" "0.2.21"
    tslib "^2.1.0"

"@formatjs/intl-listformat@6.3.5":
  version "6.3.5"
  resolved "https://registry.npmjs.org/@formatjs/intl-listformat/-/intl-listformat-6.3.5.tgz"
  integrity sha512-GtiMMx5RB/gID7ydGr+i1lRbGu728plTfT196X151cE2PYEqC05BEuHQFlE1rcUGC2+RfFqlvmipYcbOqJTQug==
  dependencies:
    "@formatjs/ecma402-abstract" "1.10.0"
    "@formatjs/intl-localematcher" "0.2.21"
    tslib "^2.1.0"

"@formatjs/intl-localematcher@0.2.21":
  version "0.2.21"
  resolved "https://registry.npmjs.org/@formatjs/intl-localematcher/-/intl-localematcher-0.2.21.tgz"
  integrity sha512-JTJeLiNwexN4Gy0cMxoUPvJbKhXdnSuo5jPrDafEZpnDWlJ5VDYta8zUVVozO/pwzEmFVHEUpgiEDj+39L4oMg==
  dependencies:
    tslib "^2.1.0"

"@formatjs/intl@1.15.0":
  version "1.15.0"
  resolved "https://registry.npmjs.org/@formatjs/intl/-/intl-1.15.0.tgz"
  integrity sha512-8apTN/j7+pF02U1pUbsORgvWHjVEXH6eXj1y1iw/bbPoVWqfTsUSj/u9hL9MMoLI04RnOQiuK2nIh0cKeOnh1Q==
  dependencies:
    "@formatjs/ecma402-abstract" "1.10.0"
    "@formatjs/fast-memoize" "1.2.0"
    "@formatjs/icu-messageformat-parser" "2.0.14"
    "@formatjs/intl-displaynames" "5.2.5"
    "@formatjs/intl-listformat" "6.3.5"
    intl-messageformat "9.9.4"
    tslib "^2.1.0"

"@types/hoist-non-react-statics@^3.3.1":
  version "3.3.1"
  resolved "https://registry.npmjs.org/@types/hoist-non-react-statics/-/hoist-non-react-statics-3.3.1.tgz"
  integrity sha512-iMIqiko6ooLrTh1joXodJK5X9xeEALT1kM5G3ZLhD3hszxBdIEd5C75U834D9mLcINgD4OyZf5uQXjkuYydWvA==
  dependencies:
    "@types/react" "*"
    hoist-non-react-statics "^3.3.0"

"@types/prop-types@*":
  version "15.7.4"
  resolved "https://registry.npmjs.org/@types/prop-types/-/prop-types-15.7.4.tgz"
  integrity sha512-rZ5drC/jWjrArrS8BR6SIr4cWpW09RNTYt9AMZo3Jwwif+iacXAqgVjm0B0Bv/S1jhDXKHqRVNCbACkJ89RAnQ==

"@types/react-dom@^17.0.9":
  version "17.0.11"
  resolved "https://registry.npmjs.org/@types/react-dom/-/react-dom-17.0.11.tgz"
  integrity sha512-f96K3k+24RaLGVu/Y2Ng3e1EbZ8/cVJvypZWd7cy0ofCBaf2lcM46xNhycMZ2xGwbBjRql7hOlZ+e2WlJ5MH3Q==
  dependencies:
    "@types/react" "*"

"@types/react-intl@^3.0.0":
  version "3.0.0"
  resolved "https://registry.npmjs.org/@types/react-intl/-/react-intl-3.0.0.tgz"
  integrity sha512-k8F3d05XQGEqSWIfK97bBjZe4z9RruXU9Wa7OZ2iUC5pdeIpzuQDZe/9C2J3Xir5//ZtAkhcv08Wfx3n5TBTQg==
  dependencies:
    react-intl "*"

"@types/react@*", "@types/react@16 || 17", "@types/react@^17.0.30":
  version "17.0.34"
  resolved "https://registry.npmjs.org/@types/react/-/react-17.0.34.tgz"
  integrity sha512-46FEGrMjc2+8XhHXILr+3+/sTe3OfzSPU9YGKILLrUYbQ1CLQC9Daqo1KzENGXAWwrFwiY0l4ZbF20gRvgpWTg==
  dependencies:
    "@types/prop-types" "*"
    "@types/scheduler" "*"
    csstype "^3.0.2"

"@types/scheduler@*":
  version "0.16.2"
  resolved "https://registry.npmjs.org/@types/scheduler/-/scheduler-0.16.2.tgz"
  integrity sha512-hppQEBDmlwhFAXKJX2KnWLYu5yMfi91yazPb2l+lbJiwW+wdo1gNeRA+3RgNSO39WYX2euey41KEwnqesU2Jew==

adler-32@~1.2.0:
  version "1.2.0"
  resolved "https://registry.yarnpkg.com/adler-32/-/adler-32-1.2.0.tgz#6a3e6bf0a63900ba15652808cb15c6813d1a5f25"
  integrity sha1-aj5r8KY5ALoVZSgIyxXGgT0aXyU=
  dependencies:
    exit-on-epipe "~1.0.1"
    printj "~1.1.0"

adler-32@~1.3.0:
  version "1.3.0"
  resolved "https://registry.yarnpkg.com/adler-32/-/adler-32-1.3.0.tgz#3cad1b71cdfa69f6c8a91f3e3615d31a4fdedc72"
  integrity sha512-f5nltvjl+PRUh6YNfUstRaXwJxtfnKEWhAWWlmKvh+Y3J2+98a0KKVYDEhz6NdKGqswLhjNGznxfSsZGOvOd9g==
  dependencies:
    printj "~1.2.2"

axios@^0.23.0:
  version "0.23.0"
  resolved "https://registry.npmjs.org/axios/-/axios-0.23.0.tgz"
  integrity sha512-NmvAE4i0YAv5cKq8zlDoPd1VLKAqX5oLuZKs8xkJa4qi6RGn0uhCYFjWtHHC9EM/MwOwYWOs53W+V0aqEXq1sg==
  dependencies:
    follow-redirects "^1.14.4"

cfb@^1.1.4:
  version "1.2.1"
  resolved "https://registry.yarnpkg.com/cfb/-/cfb-1.2.1.tgz#209429e4c68efd30641f6fc74b2d6028bd202402"
  integrity sha512-wT2ScPAFGSVy7CY+aauMezZBnNrfnaLSrxHUHdea+Td/86vrk6ZquggV+ssBR88zNs0OnBkL2+lf9q0K+zVGzQ==
  dependencies:
    adler-32 "~1.3.0"
    crc-32 "~1.2.0"
    printj "~1.3.0"

codepage@~1.15.0:
  version "1.15.0"
  resolved "https://registry.yarnpkg.com/codepage/-/codepage-1.15.0.tgz#2e00519024b39424ec66eeb3ec07227e692618ab"
  integrity sha512-3g6NUTPd/YtuuGrhMnOMRjFc+LJw/bnMp3+0r/Wcz3IXUuCosKRJvMphm5+Q+bvTVGcJJuRvVLuYba+WojaFaA==

commander@~2.17.1:
  version "2.17.1"
  resolved "https://registry.yarnpkg.com/commander/-/commander-2.17.1.tgz#bd77ab7de6de94205ceacc72f1716d29f20a77bf"
  integrity sha512-wPMUt6FnH2yzG95SA6mzjQOEKUU3aLaDEmzs1ti+1E9h+CsrZghRlqEM/EJ4KscsQVG8uNN4uVreUeT8+drlgg==

crc-32@~1.2.0:
  version "1.2.0"
  resolved "https://registry.yarnpkg.com/crc-32/-/crc-32-1.2.0.tgz#cb2db6e29b88508e32d9dd0ec1693e7b41a18208"
  integrity sha512-1uBwHxF+Y/4yF5G48fwnKq6QsIXheor3ZLPT80yGBV1oEUwpPojlEhQbWKVw1VwcTQyMGHK1/XMmTjmlsmTTGA==
  dependencies:
    exit-on-epipe "~1.0.1"
    printj "~1.1.0"

csstype@^3.0.2:
  version "3.0.9"
  resolved "https://registry.npmjs.org/csstype/-/csstype-3.0.9.tgz"
  integrity sha512-rpw6JPxK6Rfg1zLOYCSwle2GFOOsnjmDYDaBwEcwoOg4qlsIVCN789VkBZDJAGi4T07gI4YSutR43t9Zz4Lzuw==

exit-on-epipe@~1.0.1:
  version "1.0.1"
  resolved "https://registry.yarnpkg.com/exit-on-epipe/-/exit-on-epipe-1.0.1.tgz#0bdd92e87d5285d267daa8171d0eb06159689692"
  integrity sha512-h2z5mrROTxce56S+pnvAV890uu7ls7f1kEvVGJbw1OlFH3/mlJ5bkXu0KRyW94v37zzHPiUd55iLn3DA7TjWpw==

fflate@^0.7.1:
  version "0.7.1"
  resolved "https://registry.yarnpkg.com/fflate/-/fflate-0.7.1.tgz#56e87e87c3f2fe01b025fbb1c4ea835990c02fa2"
  integrity sha512-VYM2Xy1gSA5MerKzCnmmuV2XljkpKwgJBKezW+495TTnTCh1x5HcYa1aH8wRU/MfTGhW4ziXqgwprgQUVl3Ohw==

file-saver@^2.0.5:
  version "2.0.5"
  resolved "https://registry.npmjs.org/file-saver/-/file-saver-2.0.5.tgz"
  integrity sha512-P9bmyZ3h/PRG+Nzga+rbdI4OEpNDzAVyy74uVO9ATgzLK6VtAsYybF/+TOCvrc0MO793d6+42lLyZTw7/ArVzA==

follow-redirects@^1.14.4:
  version "1.14.5"
  resolved "https://registry.npmjs.org/follow-redirects/-/follow-redirects-1.14.5.tgz"
  integrity sha512-wtphSXy7d4/OR+MvIFbCVBDzZ5520qV8XfPklSN5QtxuMUJZ+b0Wnst1e1lCDocfzuCkHqj8k0FpZqO+UIaKNA==

frac@~1.1.2:
  version "1.1.2"
  resolved "https://registry.yarnpkg.com/frac/-/frac-1.1.2.tgz#3d74f7f6478c88a1b5020306d747dc6313c74d0b"
  integrity sha512-w/XBfkibaTl3YDqASwfDUqkna4Z2p9cFSr1aHDt0WoMTECnRfBOv2WArlZILlqgWlmdIlALXGpM2AOhEk5W3IA==

hoist-non-react-statics@^3.3.0, hoist-non-react-statics@^3.3.2:
  version "3.3.2"
  resolved "https://registry.npmjs.org/hoist-non-react-statics/-/hoist-non-react-statics-3.3.2.tgz"
  integrity sha512-/gGivxi8JPKWNm/W0jSmzcMPpfpPLc3dY/6GxhX2hQ9iGj3aDfklV4ET7NjKpSinLpJ5vafa9iiGIEZg10SfBw==
  dependencies:
    react-is "^16.7.0"

intl-messageformat@9.9.4:
  version "9.9.4"
  resolved "https://registry.npmjs.org/intl-messageformat/-/intl-messageformat-9.9.4.tgz"
  integrity sha512-+Mz5LMTV+JCybFBym69z+XnE47wnIjHC31Jz7We6SE0yKyjf/neaWAFz8teuT6OUw/AW3Orr5LO4SHVNXl5keg==
  dependencies:
    "@formatjs/fast-memoize" "1.2.0"
    "@formatjs/icu-messageformat-parser" "2.0.14"
    tslib "^2.1.0"

"js-tokens@^3.0.0 || ^4.0.0":
  version "4.0.0"
  resolved "https://registry.npmjs.org/js-tokens/-/js-tokens-4.0.0.tgz"
  integrity sha512-RdJUflcE3cUzKiMqQgsCu06FPu9UdIJO0beYbPhHN4k6apgJtifcoCtT9bcxOpYBtpD2kCM6Sbzg4CausW/PKQ==

lodash.clone@^4.5.0:
  version "4.5.0"
  resolved "https://registry.npmjs.org/lodash.clone/-/lodash.clone-4.5.0.tgz"
  integrity sha1-GVhwRQ9aExkkeN9Lw9I9LeoZB7Y=

loose-envify@^1.1.0:
  version "1.4.0"
  resolved "https://registry.npmjs.org/loose-envify/-/loose-envify-1.4.0.tgz"
  integrity sha512-lyuxPGr/Wfhrlem2CL/UcnUc1zcqKAImBDzukY7Y5F/yQiNdko6+fRLevlw1HgMySw7f611UIY408EtxRSoK3Q==
  dependencies:
    js-tokens "^3.0.0 || ^4.0.0"

moment@^2.29.1:
  version "2.29.1"
  resolved "https://registry.npmjs.org/moment/-/moment-2.29.1.tgz"
  integrity sha512-kHmoybcPV8Sqy59DwNDY3Jefr64lK/by/da0ViFcuA4DH0vQg5Q6Ze5VimxkfQNSC+Mls/Kx53s7TjP1RhFEDQ==

object-assign@^4.1.1:
  version "4.1.1"
  resolved "https://registry.npmjs.org/object-assign/-/object-assign-4.1.1.tgz"
  integrity sha1-IQmtx5ZYh8/AXLvUQsrIv7s2CGM=

primereact@^7.0.0:
  version "7.0.0"
  resolved "https://registry.yarnpkg.com/primereact/-/primereact-7.0.0.tgz#d153d640ef4879f522ecbe14e09e9a63d0786cc2"
  integrity sha512-S/gUrhToE7GSD1jg6peeNxl2XAaK2uf6ikdpG9F9vodZu9O/3gC+ceiYlEuPDv8yg5aZS7fSy8EjvCnfmzD0fw==

printj@~1.1.0:
  version "1.1.2"
  resolved "https://registry.yarnpkg.com/printj/-/printj-1.1.2.tgz#d90deb2975a8b9f600fb3a1c94e3f4c53c78a222"
  integrity sha512-zA2SmoLaxZyArQTOPj5LXecR+RagfPSU5Kw1qP+jkWeNlrq+eJZyY2oS68SU1Z/7/myXM4lo9716laOFAVStCQ==

printj@~1.2.2:
  version "1.2.3"
  resolved "https://registry.yarnpkg.com/printj/-/printj-1.2.3.tgz#2cfb2b192a1e5385dbbe5b46658ac34aa828508a"
  integrity sha512-sanczS6xOJOg7IKDvi4sGOUOe7c1tsEzjwlLFH/zgwx/uyImVM9/rgBkc8AfiQa/Vg54nRd8mkm9yI7WV/O+WA==

printj@~1.3.0:
  version "1.3.0"
  resolved "https://registry.yarnpkg.com/printj/-/printj-1.3.0.tgz#9018a918a790e43707f10625d6e10187a367cff6"
  integrity sha512-017o8YIaz8gLhaNxRB9eBv2mWXI2CtzhPJALnQTP+OPpuUfP0RMWqr/mHCzqVeu1AQxfzSfAtAq66vKB8y7Lzg==

react-dom@^17.0.2:
  version "17.0.2"
  resolved "https://registry.npmjs.org/react-dom/-/react-dom-17.0.2.tgz"
  integrity sha512-s4h96KtLDUQlsENhMn1ar8t2bEa+q/YAtj8pPPdIjPDGBDIVNsrD9aXNWqspUe6AzKCIG0C1HZZLqLV7qpOBGA==
  dependencies:
    loose-envify "^1.1.0"
    object-assign "^4.1.1"
    scheduler "^0.20.2"

react-intl@*:
  version "5.21.0"
  resolved "https://registry.npmjs.org/react-intl/-/react-intl-5.21.0.tgz"
  integrity sha512-tRXg0JrMFpHgOokj+gFXvEbm4ZEePnidfVWFh3fbYc2FlJGnwxLjsvzCvRVv2qyNMHCy8xX6frRGe52WDOiYOg==
  dependencies:
    "@formatjs/ecma402-abstract" "1.10.0"
    "@formatjs/icu-messageformat-parser" "2.0.14"
    "@formatjs/intl" "1.15.0"
    "@formatjs/intl-displaynames" "5.2.5"
    "@formatjs/intl-listformat" "6.3.5"
    "@types/hoist-non-react-statics" "^3.3.1"
    "@types/react" "16 || 17"
    hoist-non-react-statics "^3.3.2"
    intl-messageformat "9.9.4"
    tslib "^2.1.0"

react-is@^16.7.0:
  version "16.13.1"
  resolved "https://registry.npmjs.org/react-is/-/react-is-16.13.1.tgz"
  integrity sha512-24e6ynE2H+OKt4kqsOvNd8kBpV65zoxbA4BVsEOB3ARVWQki/DHzaUoC5KuON/BiccDaCCTZBuOcfZs70kR8bQ==

react@^17.0.2:
  version "17.0.2"
  resolved "https://registry.npmjs.org/react/-/react-17.0.2.tgz"
  integrity sha512-gnhPt75i/dq/z3/6q/0asP78D0u592D5L1pd7M8P+dck6Fu/jJeL6iVVK23fptSUZj8Vjf++7wXA8UNclGQcbA==
  dependencies:
    loose-envify "^1.1.0"
    object-assign "^4.1.1"

scheduler@^0.20.2:
  version "0.20.2"
  resolved "https://registry.npmjs.org/scheduler/-/scheduler-0.20.2.tgz"
  integrity sha512-2eWfGgAqqWFGqtdMmcL5zCMK1U8KlXv8SQFGglL3CEtd0aDVDWgeF/YoCmvln55m5zSk3J/20hTaSBeSObsQDQ==
  dependencies:
    loose-envify "^1.1.0"
    object-assign "^4.1.1"

ssf@~0.11.2:
  version "0.11.2"
  resolved "https://registry.yarnpkg.com/ssf/-/ssf-0.11.2.tgz#0b99698b237548d088fc43cdf2b70c1a7512c06c"
  integrity sha512-+idbmIXoYET47hH+d7dfm2epdOMUDjqcB4648sTZ+t2JwoyBFL/insLfB/racrDmsKB3diwsDA696pZMieAC5g==
  dependencies:
    frac "~1.1.2"

tslib@^2.1.0:
  version "2.3.1"
  resolved "https://registry.npmjs.org/tslib/-/tslib-2.3.1.tgz"
  integrity sha512-77EbyPPpMz+FRFRuAFlWMtmgUWGe9UOG2Z25NqCwiIjRhOf5iKGuzSe5P2w1laq+FkRy4p+PCuVkJSGkzTEKVw==

typescript@^4.4.4:
  version "4.4.4"
  resolved "https://registry.npmjs.org/typescript/-/typescript-4.4.4.tgz"
  integrity sha512-DqGhF5IKoBl8WNf8C1gu8q0xZSInh9j1kJJMqT3a94w1JzVaBU4EXOSMrz9yDqMT0xt3selp83fuFMQ0uzv6qA==

wmf@~1.0.1:
  version "1.0.2"
  resolved "https://registry.yarnpkg.com/wmf/-/wmf-1.0.2.tgz#7d19d621071a08c2bdc6b7e688a9c435298cc2da"
  integrity sha512-/p9K7bEh0Dj6WbXg4JG0xvLQmIadrner1bi45VMJTfnbVHsc7yIajZyoSoK60/dtVBs12Fm6WkUI5/3WAVsNMw==

word@~0.3.0:
  version "0.3.0"
  resolved "https://registry.yarnpkg.com/word/-/word-0.3.0.tgz#8542157e4f8e849f4a363a288992d47612db9961"
  integrity sha512-OELeY0Q61OXpdUfTp+oweA/vtLVg5VDOXh+3he3PNzLGG/y0oylSOC1xRVj0+l4vQ3tj/bB1HVHv1ocXkQceFA==

xlsx@^0.17.3:
  version "0.17.3"
  resolved "https://registry.yarnpkg.com/xlsx/-/xlsx-0.17.3.tgz#1c2dd36ff1cecb0ebdf79ba4f268e945d0070849"
  integrity sha512-dGZKfyPSXfnoITruwisuDVZkvnxhjgqzWJXBJm2Khmh01wcw8//baRUvhroVRhW2SLbnlpGcCZZbeZO1qJgMIw==
  dependencies:
    adler-32 "~1.2.0"
    cfb "^1.1.4"
    codepage "~1.15.0"
    commander "~2.17.1"
    crc-32 "~1.2.0"
    exit-on-epipe "~1.0.1"
    fflate "^0.7.1"
    ssf "~0.11.2"
    wmf "~1.0.1"
    word "~0.3.0"
